assets:
  - id: configport-control/skill/apply-pack
    kind: skill
    payloads:
      - hash: 0905c0126d07e3f178af1501f94c0c8093b07364a4256977febfce7f6b56deac
        path: packs/configport-control/skills/apply-pack/SKILL.md
  - id: configport-control/skill/configure-pack
    kind: skill
    payloads:
      - hash: ed79b2ce0c461191a2fdb5abd53878b90936112b8c3a81065aa816428b42fc88
        path: packs/configport-control/skills/configure-pack/SKILL.md
  - id: configport-control/skill/configure-tools
    kind: skill
    payloads:
      - hash: a0be59b0e4d4b3586ab788c884f3eb8c9ed58564e44ecf493d8a9cc6fdcc7d09
        path: packs/configport-control/skills/configure-tools/SKILL.md
  - id: packport-control/skill/add-harness
    kind: skill
    payloads:
      - hash: b21f8af38facdb1f062083c19d3815b63965f0c6e5e47937ea5e62f6bef31965
        path: packs/packport-control/skills/add-harness/SKILL.md
  - id: packport-control/skill/author-pack
    kind: skill
    payloads:
      - hash: b43c64a4a5bf890ddeaf58e228327a55e74774a5a8cd7cc060254185421116cb
        path: packs/packport-control/skills/author-pack/SKILL.md
  - id: packport-control/skill/check-pack
    kind: skill
    payloads:
      - hash: 794c0e883d037a64b0ecae3754164273f4fb5fa5527119c887a5466d0e3097b5
        path: packs/packport-control/skills/check-pack/SKILL.md
  - id: packport-control/skill/generate-pack
    kind: skill
    payloads:
      - hash: c851cc06d35cb5675c7dd014037407c4f73b5bb30e3c289c3d3624d19812e3ef
        path: packs/packport-control/skills/generate-pack/SKILL.md
  - id: packport-control/skill/migrate-claude
    kind: skill
    payloads:
      - hash: b0e40cade456930fc8f914819b3a8d06f909e548bf68e4170fdca533ff96b000
        path: packs/packport-control/skills/migrate-claude/SKILL.md
  - id: packport-control/skill/release-pack
    kind: skill
    payloads:
      - hash: 5b4b7a5d918be683b04fe6d0575c8cb52371a37d4992085bc1bbd2c8a594d94c
        path: packs/packport-control/skills/release-pack/SKILL.md
decisions:
  []
lockfileVersion: 1
outputs:
  - hash: 7ff9952d6519e8ea36d246879c41e3933313ced799e1d587537f9d779fc2d2ec
    kind: marketplace
    path: .agents/plugins/marketplace.json
    target: codex
  - hash: 017e229d634bedc4be5f53c8c2fcbd4258462db1638aa2d511d03cd39fe6ae6c
    kind: marketplace
    path: .claude-plugin/marketplace.json
    target: claude
  - hash: ec32cc17820f9f1a32a94ab540bd2caad140fb590cb93df80f4cdda767e10fc6
    kind: package
    packageName: configport
    path: .packs/claude/configport/.claude-plugin/plugin.json
    target: claude
  - hash: 05fba9a20c6538464f6958aa0396bbba6c054b132be4b5e47e37a9830bd6c00c
    kind: package
    packageName: configport
    path: .packs/claude/configport/.packport-control-plugin.json
    target: claude
  - hash: 0905c0126d07e3f178af1501f94c0c8093b07364a4256977febfce7f6b56deac
    kind: package
    packageName: configport
    path: .packs/claude/configport/skills/apply-pack/SKILL.md
    target: claude
  - hash: ed79b2ce0c461191a2fdb5abd53878b90936112b8c3a81065aa816428b42fc88
    kind: package
    packageName: configport
    path: .packs/claude/configport/skills/configure-pack/SKILL.md
    target: claude
  - hash: a0be59b0e4d4b3586ab788c884f3eb8c9ed58564e44ecf493d8a9cc6fdcc7d09
    kind: package
    packageName: configport
    path: .packs/claude/configport/skills/configure-tools/SKILL.md
    target: claude
  - hash: 4e3538491c43a11dc8df78894cf5309d11a9099ea1f505f41c9586467833508c
    kind: package
    packageName: packport
    path: .packs/claude/packport/.claude-plugin/plugin.json
    target: claude
  - hash: 6d4e7ecc7a631d7b6d97a452f2965033b94cdb90f96efe9d6948fc74b743c043
    kind: package
    packageName: packport
    path: .packs/claude/packport/.packport-control-plugin.json
    target: claude
  - hash: b21f8af38facdb1f062083c19d3815b63965f0c6e5e47937ea5e62f6bef31965
    kind: package
    packageName: packport
    path: .packs/claude/packport/skills/add-harness/SKILL.md
    target: claude
  - hash: b43c64a4a5bf890ddeaf58e228327a55e74774a5a8cd7cc060254185421116cb
    kind: package
    packageName: packport
    path: .packs/claude/packport/skills/author-pack/SKILL.md
    target: claude
  - hash: 794c0e883d037a64b0ecae3754164273f4fb5fa5527119c887a5466d0e3097b5
    kind: package
    packageName: packport
    path: .packs/claude/packport/skills/check-pack/SKILL.md
    target: claude
  - hash: c851cc06d35cb5675c7dd014037407c4f73b5bb30e3c289c3d3624d19812e3ef
    kind: package
    packageName: packport
    path: .packs/claude/packport/skills/generate-pack/SKILL.md
    target: claude
  - hash: b0e40cade456930fc8f914819b3a8d06f909e548bf68e4170fdca533ff96b000
    kind: package
    packageName: packport
    path: .packs/claude/packport/skills/migrate-claude/SKILL.md
    target: claude
  - hash: 5b4b7a5d918be683b04fe6d0575c8cb52371a37d4992085bc1bbd2c8a594d94c
    kind: package
    packageName: packport
    path: .packs/claude/packport/skills/release-pack/SKILL.md
    target: claude
  - hash: 2d08f41405e24ae5b37da0dbacba125286b9a854fb486ba38bd7396da8456f1b
    kind: package
    packageName: configport-control
    path: .packs/codex/configport-control/.codex-plugin/plugin.json
    target: codex
  - hash: dba00cf3d8baacd75ac0065a040a48d5b441585dc17294878bc6b2ac3cb8c196
    kind: package
    packageName: configport-control
    path: .packs/codex/configport-control/skills/apply-pack/SKILL.md
    target: codex
  - hash: c080e852c0034f8a93b7687230cbc84f394ed19d1e458630f067b1403e7ee227
    kind: package
    packageName: configport-control
    path: .packs/codex/configport-control/skills/configure-pack/SKILL.md
    target: codex
  - hash: 22b0f70195402e6b144de906228928a2feb18feedfdf9d13942e50dc36d1fee7
    kind: package
    packageName: configport-control
    path: .packs/codex/configport-control/skills/configure-tools/SKILL.md
    target: codex
  - hash: f9e962ae6c8cb757fe8652f4111fae37e7e657bf28900c2ac02054dbafa77f9e
    kind: package
    packageName: packport-control
    path: .packs/codex/packport-control/.codex-plugin/plugin.json
    target: codex
  - hash: 4f88ba747cd9e3f12fb3b9a744543b7085cdde962b1e8190aa62b2ba2d618ab6
    kind: package
    packageName: packport-control
    path: .packs/codex/packport-control/skills/add-harness/SKILL.md
    target: codex
  - hash: 15f3f23c80f3f0706f5919c5e02a1d75558a9f9914ba39d588db30f9f81d659a
    kind: package
    packageName: packport-control
    path: .packs/codex/packport-control/skills/author-pack/SKILL.md
    target: codex
  - hash: 4130e31905e155d1536717085a42d07b78af3198bdd9a5638740db008a6c1c25
    kind: package
    packageName: packport-control
    path: .packs/codex/packport-control/skills/check-pack/SKILL.md
    target: codex
  - hash: 83399eaea8a47d88204d4115180e977648f9cc7c6b26b89423d0ae19f909c781
    kind: package
    packageName: packport-control
    path: .packs/codex/packport-control/skills/generate-pack/SKILL.md
    target: codex
  - hash: 6ebcf1ccdd0b2a316673d31ed5f451f29e8a9b03a0689f74d688f231d99b7349
    kind: package
    packageName: packport-control
    path: .packs/codex/packport-control/skills/migrate-claude/SKILL.md
    target: codex
  - hash: 9ad0d1eb25734a94d41ca5b6ac0cf94d50033cb96caa7b4a4f739f9377135577
    kind: package
    packageName: packport-control
    path: .packs/codex/packport-control/skills/release-pack/SKILL.md
    target: codex
  - hash: dba00cf3d8baacd75ac0065a040a48d5b441585dc17294878bc6b2ac3cb8c196
    kind: package
    packageName: configport-control
    path: .packs/opencode/configport-control/.opencode/skills/apply-pack/SKILL.md
    target: opencode
  - hash: c080e852c0034f8a93b7687230cbc84f394ed19d1e458630f067b1403e7ee227
    kind: package
    packageName: configport-control
    path: .packs/opencode/configport-control/.opencode/skills/configure-pack/SKILL.md
    target: opencode
  - hash: 22b0f70195402e6b144de906228928a2feb18feedfdf9d13942e50dc36d1fee7
    kind: package
    packageName: configport-control
    path: .packs/opencode/configport-control/.opencode/skills/configure-tools/SKILL.md
    target: opencode
  - hash: 3a1689520689222b217d5107e8e7becc3fbbd2aae41dc086435cd6a941b650c1
    kind: package
    packageName: configport-control
    path: .packs/opencode/configport-control/opencode.json
    target: opencode
  - hash: 4f88ba747cd9e3f12fb3b9a744543b7085cdde962b1e8190aa62b2ba2d618ab6
    kind: package
    packageName: packport-control
    path: .packs/opencode/packport-control/.opencode/skills/add-harness/SKILL.md
    target: opencode
  - hash: 15f3f23c80f3f0706f5919c5e02a1d75558a9f9914ba39d588db30f9f81d659a
    kind: package
    packageName: packport-control
    path: .packs/opencode/packport-control/.opencode/skills/author-pack/SKILL.md
    target: opencode
  - hash: 4130e31905e155d1536717085a42d07b78af3198bdd9a5638740db008a6c1c25
    kind: package
    packageName: packport-control
    path: .packs/opencode/packport-control/.opencode/skills/check-pack/SKILL.md
    target: opencode
  - hash: 83399eaea8a47d88204d4115180e977648f9cc7c6b26b89423d0ae19f909c781
    kind: package
    packageName: packport-control
    path: .packs/opencode/packport-control/.opencode/skills/generate-pack/SKILL.md
    target: opencode
  - hash: 6ebcf1ccdd0b2a316673d31ed5f451f29e8a9b03a0689f74d688f231d99b7349
    kind: package
    packageName: packport-control
    path: .packs/opencode/packport-control/.opencode/skills/migrate-claude/SKILL.md
    target: opencode
  - hash: 9ad0d1eb25734a94d41ca5b6ac0cf94d50033cb96caa7b4a4f739f9377135577
    kind: package
    packageName: packport-control
    path: .packs/opencode/packport-control/.opencode/skills/release-pack/SKILL.md
    target: opencode
  - hash: 3a1689520689222b217d5107e8e7becc3fbbd2aae41dc086435cd6a941b650c1
    kind: package
    packageName: packport-control
    path: .packs/opencode/packport-control/opencode.json
    target: opencode
packs:
  - hash: e05d97d93f0c683295d1ecf44b94e072c6e8e57f1c832dfcc19146115e3ad9bb
    id: configport-control
    path: packs/configport-control/PACK.md
    version: 0.0.0
  - hash: 11312f5f24321678181ca5b576478691faf4bb45103d133afb64e067b8683adc
    id: packport-control
    path: packs/packport-control/PACK.md
    version: 0.0.0
tool:
  name: packport
  version: 0.0.0
